# This file is automatically @generated by Cargo.
# It is not intended for manual editing.
version = 3

[[package]]
name = "parser"
version = "0.1.0"
source = "git+https://github.com/gabeperson/parser.git#29db419f890001424e3aee3474fa37958b135ff4"

[[package]]
name = "sm213_interpreter"
version = "0.1.0"
dependencies = [
 "sm213_parser",
]

[[package]]
name = "sm213_parser"
version = "0.1.0"
source = "git+https://github.com/Gabeperson/sm213_parser#baf1262b4bd6cfba6cfe2aafedc48376c41b01a2"
dependencies = [
 "parser",
]
