# This file is automatically @generated by Cargo.
# It is not intended for manual editing.
version = 3

[[package]]
name = "parser"
version = "0.1.0"
source = "git+https://github.com/gabeperson/parser.git#29db419f890001424e3aee3474fa37958b135ff4"

[[package]]
name = "sm213_interpreter"
version = "0.1.0"
dependencies = [
 "sm213_parser",
]

[[package]]
name = "sm213_parser"
version = "0.1.0"
source = "git+https://github.com/Gabeperson/sm213_parser#0b5e17b5cda46655ee67f6c6262c72a08c47748d"
dependencies = [
 "parser",
]
